
Microsoft Visual Studio Solution File, Format Version 12.00
# Visual Studio Version 17
VisualStudioVersion = 17.7.34202.233
MinimumVisualStudioVersion = 10.0.40219.1
Project("{FAE04EC0-301F-11D3-BF4B-00C04F79EFBC}") = "VanStoreBE", "VanStoreBE\VanStoreBE.csproj", "{80CCC08F-8EDC-4CDF-9D05-39EF15F8BB2B}"
EndProject
Global
	GlobalSection(SolutionConfigurationPlatforms) = preSolution
		Debug|Any CPU = Debug|Any CPU
		Release|Any CPU = Release|Any CPU
	EndGlobalSection
	GlobalSection(ProjectConfigurationPlatforms) = postSolution
		{80CCC08F-8EDC-4CDF-9D05-39EF15F8BB2B}.Debug|Any CPU.ActiveCfg = Debug|Any CPU
		{80CCC08F-8EDC-4CDF-9D05-39EF15F8BB2B}.Debug|Any CPU.Build.0 = Debug|Any CPU
		{80CCC08F-8EDC-4CDF-9D05-39EF15F8BB2B}.Release|Any CPU.ActiveCfg = Release|Any CPU
		{80CCC08F-8EDC-4CDF-9D05-39EF15F8BB2B}.Release|Any CPU.Build.0 = Release|Any CPU
	EndGlobalSection
	GlobalSection(SolutionProperties) = preSolution
		HideSolutionNode = FALSE
	EndGlobalSection
	GlobalSection(ExtensibilityGlobals) = postSolution
		SolutionGuid = {1D9AFBFF-E69D-4291-B8B4-8A86FE5D6C01}
	EndGlobalSection
EndGlobal
